// !$*UTF8*$!
{
	archiveVersion = 1;
	classes = {
	};
	objectVersion = 50;
	objects = {

/* Begin PBXBuildFile section */
		620395C822805B7C00734092 /* AppDelegate.swift in Sources */ = {isa = PBXBuildFile; fileRef = 620395C722805B7C00734092 /* AppDelegate.swift */; };
		620395CA22805B7C00734092 /* ViewControllerForShow.swift in Sources */ = {isa = PBXBuildFile; fileRef = 620395C922805B7C00734092 /* ViewControllerForShow.swift */; };
		620395CD22805B7C00734092 /* Main.storyboard in Resources */ = {isa = PBXBuildFile; fileRef = 620395CB22805B7C00734092 /* Main.storyboard */; };
		620395CF22805B7D00734092 /* Assets.xcassets in Resources */ = {isa = PBXBuildFile; fileRef = 620395CE22805B7D00734092 /* Assets.xcassets */; };
		620395D222805B7D00734092 /* LaunchScreen.storyboard in Resources */ = {isa = PBXBuildFile; fileRef = 620395D022805B7D00734092 /* LaunchScreen.storyboard */; };
		620395DA22805CE000734092 /* TableViewController.swift in Sources */ = {isa = PBXBuildFile; fileRef = 620395D922805CE000734092 /* TableViewController.swift */; };
		620395DE22805EC300734092 /* Model.swift in Sources */ = {isa = PBXBuildFile; fileRef = 620395DD22805EC300734092 /* Model.swift */; };
		620395E42281A0AA00734092 /* TableViewCell.swift in Sources */ = {isa = PBXBuildFile; fileRef = 620395E32281A0AA00734092 /* TableViewCell.swift */; };
		620395E62285629500734092 /* Validation.swift in Sources */ = {isa = PBXBuildFile; fileRef = 620395E52285629500734092 /* Validation.swift */; };
		620395E8228ACE6200734092 /* DataManager.swift in Sources */ = {isa = PBXBuildFile; fileRef = 620395E7228ACE6200734092 /* DataManager.swift */; };
		620395EA228C39A200734092 /* SearchResultController.swift in Sources */ = {isa = PBXBuildFile; fileRef = 620395E9228C39A200734092 /* SearchResultController.swift */; };
		620395EC228D3E8800734092 /* ContactItem.swift in Sources */ = {isa = PBXBuildFile; fileRef = 620395EB228D3E8800734092 /* ContactItem.swift */; };
		620395EE228D402D00734092 /* Search.swift in Sources */ = {isa = PBXBuildFile; fileRef = 620395ED228D402D00734092 /* Search.swift */; };
		620395F2228EB77400734092 /* Localizable.strings in Resources */ = {isa = PBXBuildFile; fileRef = 620395F4228EB77400734092 /* Localizable.strings */; };
		621A6491229281A000AA1A2C /* UpdateTableViewController.swift in Sources */ = {isa = PBXBuildFile; fileRef = 621A6490229281A000AA1A2C /* UpdateTableViewController.swift */; };
		621A64932292C5DA00AA1A2C /* NotesViewController.swift in Sources */ = {isa = PBXBuildFile; fileRef = 621A64922292C5DA00AA1A2C /* NotesViewController.swift */; };
/* End PBXBuildFile section */

/* Begin PBXFileReference section */
		620395C422805B7C00734092 /* ContactList.app */ = {isa = PBXFileReference; explicitFileType = wrapper.application; includeInIndex = 0; path = ContactList.app; sourceTree = BUILT_PRODUCTS_DIR; };
		620395C722805B7C00734092 /* AppDelegate.swift */ = {isa = PBXFileReference; lastKnownFileType = sourcecode.swift; path = AppDelegate.swift; sourceTree = "<group>"; };
		620395C922805B7C00734092 /* ViewControllerForShow.swift */ = {isa = PBXFileReference; lastKnownFileType = sourcecode.swift; path = ViewControllerForShow.swift; sourceTree = "<group>"; };
		620395CC22805B7C00734092 /* Base */ = {isa = PBXFileReference; lastKnownFileType = file.storyboard; name = Base; path = Base.lproj/Main.storyboard; sourceTree = "<group>"; };
		620395CE22805B7D00734092 /* Assets.xcassets */ = {isa = PBXFileReference; lastKnownFileType = folder.assetcatalog; path = Assets.xcassets; sourceTree = "<group>"; };
		620395D122805B7D00734092 /* Base */ = {isa = PBXFileReference; lastKnownFileType = file.storyboard; name = Base; path = Base.lproj/LaunchScreen.storyboard; sourceTree = "<group>"; };
		620395D322805B7D00734092 /* Info.plist */ = {isa = PBXFileReference; lastKnownFileType = text.plist.xml; path = Info.plist; sourceTree = "<group>"; };
		620395D922805CE000734092 /* TableViewController.swift */ = {isa = PBXFileReference; lastKnownFileType = sourcecode.swift; path = TableViewController.swift; sourceTree = "<group>"; };
		620395DD22805EC300734092 /* Model.swift */ = {isa = PBXFileReference; lastKnownFileType = sourcecode.swift; path = Model.swift; sourceTree = "<group>"; };
		620395E32281A0AA00734092 /* TableViewCell.swift */ = {isa = PBXFileReference; lastKnownFileType = sourcecode.swift; path = TableViewCell.swift; sourceTree = "<group>"; };
		620395E52285629500734092 /* Validation.swift */ = {isa = PBXFileReference; lastKnownFileType = sourcecode.swift; path = Validation.swift; sourceTree = "<group>"; };
		620395E7228ACE6200734092 /* DataManager.swift */ = {isa = PBXFileReference; lastKnownFileType = sourcecode.swift; path = DataManager.swift; sourceTree = "<group>"; };
		620395E9228C39A200734092 /* SearchResultController.swift */ = {isa = PBXFileReference; lastKnownFileType = sourcecode.swift; path = SearchResultController.swift; sourceTree = "<group>"; };
		620395EB228D3E8800734092 /* ContactItem.swift */ = {isa = PBXFileReference; lastKnownFileType = sourcecode.swift; path = ContactItem.swift; sourceTree = "<group>"; };
		620395ED228D402D00734092 /* Search.swift */ = {isa = PBXFileReference; lastKnownFileType = sourcecode.swift; path = Search.swift; sourceTree = "<group>"; };
		620395F3228EB77400734092 /* ru */ = {isa = PBXFileReference; lastKnownFileType = text.plist.strings; name = ru; path = ru.lproj/Localizable.strings; sourceTree = "<group>"; };
		620395F5228EB77900734092 /* en */ = {isa = PBXFileReference; lastKnownFileType = text.plist.strings; name = en; path = en.lproj/Localizable.strings; sourceTree = "<group>"; };
		621A6490229281A000AA1A2C /* UpdateTableViewController.swift */ = {isa = PBXFileReference; lastKnownFileType = sourcecode.swift; path = UpdateTableViewController.swift; sourceTree = "<group>"; };
		621A64922292C5DA00AA1A2C /* NotesViewController.swift */ = {isa = PBXFileReference; lastKnownFileType = sourcecode.swift; path = NotesViewController.swift; sourceTree = "<group>"; };
		622E9C782293DFA4005FF214 /* ru */ = {isa = PBXFileReference; lastKnownFileType = file.storyboard; name = ru; path = ru.lproj/Main.storyboard; sourceTree = "<group>"; };
/* End PBXFileReference section */

/* Begin PBXFrameworksBuildPhase section */
		620395C122805B7C00734092 /* Frameworks */ = {
			isa = PBXFrameworksBuildPhase;
			buildActionMask = 2147483647;
			files = (
			);
			runOnlyForDeploymentPostprocessing = 0;
		};
/* End PBXFrameworksBuildPhase section */

/* Begin PBXGroup section */
		620395BB22805B7C00734092 = {
			isa = PBXGroup;
			children = (
				620395C622805B7C00734092 /* ContactList */,
				620395C522805B7C00734092 /* Products */,
			);
			sourceTree = "<group>";
		};
		620395C522805B7C00734092 /* Products */ = {
			isa = PBXGroup;
			children = (
				620395C422805B7C00734092 /* ContactList.app */,
			);
			name = Products;
			sourceTree = "<group>";
		};
		620395C622805B7C00734092 /* ContactList */ = {
			isa = PBXGroup;
			children = (
				620395C722805B7C00734092 /* AppDelegate.swift */,
				620395DD22805EC300734092 /* Model.swift */,
				620395EB228D3E8800734092 /* ContactItem.swift */,
				620395ED228D402D00734092 /* Search.swift */,
				620395E52285629500734092 /* Validation.swift */,
				620395E7228ACE6200734092 /* DataManager.swift */,
				620395E9228C39A200734092 /* SearchResultController.swift */,
				620395D922805CE000734092 /* TableViewController.swift */,
				620395E32281A0AA00734092 /* TableViewCell.swift */,
				620395C922805B7C00734092 /* ViewControllerForShow.swift */,
				621A6490229281A000AA1A2C /* UpdateTableViewController.swift */,
				621A64922292C5DA00AA1A2C /* NotesViewController.swift */,
				620395F4228EB77400734092 /* Localizable.strings */,
				620395CB22805B7C00734092 /* Main.storyboard */,
				620395CE22805B7D00734092 /* Assets.xcassets */,
				620395D022805B7D00734092 /* LaunchScreen.storyboard */,
				620395D322805B7D00734092 /* Info.plist */,
			);
			path = ContactList;
			sourceTree = "<group>";
		};
/* End PBXGroup section */

/* Begin PBXNativeTarget section */
		620395C322805B7C00734092 /* ContactList */ = {
			isa = PBXNativeTarget;
			buildConfigurationList = 620395D622805B7D00734092 /* Build configuration list for PBXNativeTarget "ContactList" */;
			buildPhases = (
				620395C022805B7C00734092 /* Sources */,
				620395C122805B7C00734092 /* Frameworks */,
				620395C222805B7C00734092 /* Resources */,
			);
			buildRules = (
			);
			dependencies = (
			);
			name = ContactList;
			productName = ContactList;
			productReference = 620395C422805B7C00734092 /* ContactList.app */;
			productType = "com.apple.product-type.application";
		};
/* End PBXNativeTarget section */

/* Begin PBXProject section */
		620395BC22805B7C00734092 /* Project object */ = {
			isa = PBXProject;
			attributes = {
				LastSwiftUpdateCheck = 1020;
				LastUpgradeCheck = 1020;
				ORGANIZATIONNAME = "Maksym Humeniuk";
				TargetAttributes = {
					620395C322805B7C00734092 = {
						CreatedOnToolsVersion = 10.2;
					};
				};
			};
			buildConfigurationList = 620395BF22805B7C00734092 /* Build configuration list for PBXProject "ContactList" */;
			compatibilityVersion = "Xcode 9.3";
			developmentRegion = en;
			hasScannedForEncodings = 0;
			knownRegions = (
				en,
				Base,
				ru,
			);
			mainGroup = 620395BB22805B7C00734092;
			productRefGroup = 620395C522805B7C00734092 /* Products */;
			projectDirPath = "";
			projectRoot = "";
			targets = (
				620395C322805B7C00734092 /* ContactList */,
			);
		};
/* End PBXProject section */

/* Begin PBXResourcesBuildPhase section */
		620395C222805B7C00734092 /* Resources */ = {
			isa = PBXResourcesBuildPhase;
			buildActionMask = 2147483647;
			files = (
				620395D222805B7D00734092 /* LaunchScreen.storyboard in Resources */,
				620395F2228EB77400734092 /* Localizable.strings in Resources */,
				620395CF22805B7D00734092 /* Assets.xcassets in Resources */,
				620395CD22805B7C00734092 /* Main.storyboard in Resources */,
			);
			runOnlyForDeploymentPostprocessing = 0;
		};
/* End PBXResourcesBuildPhase section */

/* Begin PBXSourcesBuildPhase section */
		620395C022805B7C00734092 /* Sources */ = {
			isa = PBXSourcesBuildPhase;
			buildActionMask = 2147483647;
			files = (
				620395EE228D402D00734092 /* Search.swift in Sources */,
				620395DE22805EC300734092 /* Model.swift in Sources */,
				620395E42281A0AA00734092 /* TableViewCell.swift in Sources */,
				620395CA22805B7C00734092 /* ViewControllerForShow.swift in Sources */,
				620395EA228C39A200734092 /* SearchResultController.swift in Sources */,
				620395EC228D3E8800734092 /* ContactItem.swift in Sources */,
				620395E8228ACE6200734092 /* DataManager.swift in Sources */,
				621A6491229281A000AA1A2C /* UpdateTableViewController.swift in Sources */,
				621A64932292C5DA00AA1A2C /* NotesViewController.swift in Sources */,
				620395DA22805CE000734092 /* TableViewController.swift in Sources */,
				620395C822805B7C00734092 /* AppDelegate.swift in Sources */,
				620395E62285629500734092 /* Validation.swift in Sources */,
			);
			runOnlyForDeploymentPostprocessing = 0;
		};
/* End PBXSourcesBuildPhase section */

/* Begin PBXVariantGroup section */
		620395CB22805B7C00734092 /* Main.storyboard */ = {
			isa = PBXVariantGroup;
			children = (
				620395CC22805B7C00734092 /* Base */,
				622E9C782293DFA4005FF214 /* ru */,
			);
			name = Main.storyboard;
			sourceTree = "<group>";
		};
		620395D022805B7D00734092 /* LaunchScreen.storyboard */ = {
			isa = PBXVariantGroup;
			children = (
				620395D122805B7D00734092 /* Base */,
			);
			name = LaunchScreen.storyboard;
			sourceTree = "<group>";
		};
		620395F4228EB77400734092 /* Localizable.strings */ = {
			isa = PBXVariantGroup;
			children = (
				620395F3228EB77400734092 /* ru */,
				620395F5228EB77900734092 /* en */,
			);
			name = Localizable.strings;
			sourceTree = "<group>";
		};
/* End PBXVariantGroup section */

/* Begin XCBuildConfiguration section */
		620395D422805B7D00734092 /* Debug */ = {
			isa = XCBuildConfiguration;
			buildSettings = {
				ALWAYS_SEARCH_USER_PATHS = NO;
				CLANG_ANALYZER_LOCALIZABILITY_NONLOCALIZED = YES;
				CLANG_ANALYZER_NONNULL = YES;
				CLANG_ANALYZER_NUMBER_OBJECT_CONVERSION = YES_AGGRESSIVE;
				CLANG_CXX_LANGUAGE_STANDARD = "gnu++14";
				CLANG_CXX_LIBRARY = "libc++";
				CLANG_ENABLE_MODULES = YES;
				CLANG_ENABLE_OBJC_ARC = YES;
				CLANG_ENABLE_OBJC_WEAK = YES;
				CLANG_WARN_BLOCK_CAPTURE_AUTORELEASING = YES;
				CLANG_WARN_BOOL_CONVERSION = YES;
				CLANG_WARN_COMMA = YES;
				CLANG_WARN_CONSTANT_CONVERSION = YES;
				CLANG_WARN_DEPRECATED_OBJC_IMPLEMENTATIONS = YES;
				CLANG_WARN_DIRECT_OBJC_ISA_USAGE = YES_ERROR;
				CLANG_WARN_DOCUMENTATION_COMMENTS = YES;
				CLANG_WARN_EMPTY_BODY = YES;
				CLANG_WARN_ENUM_CONVERSION = YES;
				CLANG_WARN_INFINITE_RECURSION = YES;
				CLANG_WARN_INT_CONVERSION = YES;
				CLANG_WARN_NON_LITERAL_NULL_CONVERSION = YES;
				CLANG_WARN_OBJC_IMPLICIT_RETAIN_SELF = YES;
				CLANG_WARN_OBJC_LITERAL_CONVERSION = YES;
				CLANG_WARN_OBJC_ROOT_CLASS = YES_ERROR;
				CLANG_WARN_RANGE_LOOP_ANALYSIS = YES;
				CLANG_WARN_STRICT_PROTOTYPES = YES;
				CLANG_WARN_SUSPICIOUS_MOVE = YES;
				CLANG_WARN_UNGUARDED_AVAILABILITY = YES_AGGRESSIVE;
				CLANG_WARN_UNREACHABLE_CODE = YES;
				CLANG_WARN__DUPLICATE_METHOD_MATCH = YES;
				CODE_SIGN_IDENTITY = "iPhone Developer";
				COPY_PHASE_STRIP = NO;
				DEBUG_INFORMATION_FORMAT = dwarf;
				ENABLE_STRICT_OBJC_MSGSEND = YES;
				ENABLE_TESTABILITY = YES;
				GCC_C_LANGUAGE_STANDARD = gnu11;
				GCC_DYNAMIC_NO_PIC = NO;
				GCC_NO_COMMON_BLOCKS = YES;
				GCC_OPTIMIZATION_LEVEL = 0;
				GCC_PREPROCESSOR_DEFINITIONS = (
					"DEBUG=1",
					"$(inherited)",
				);
				GCC_WARN_64_TO_32_BIT_CONVERSION = YES;
				GCC_WARN_ABOUT_RETURN_TYPE = YES_ERROR;
				GCC_WARN_UNDECLARED_SELECTOR = YES;
				GCC_WARN_UNINITIALIZED_AUTOS = YES_AGGRESSIVE;
				GCC_WARN_UNUSED_FUNCTION = YES;
				GCC_WARN_UNUSED_VARIABLE = YES;
				IPHONEOS_DEPLOYMENT_TARGET = 12.2;
				MTL_ENABLE_DEBUG_INFO = INCLUDE_SOURCE;
				MTL_FAST_MATH = YES;
				ONLY_ACTIVE_ARCH = YES;
				SDKROOT = iphoneos;
				SWIFT_ACTIVE_COMPILATION_CONDITIONS = DEBUG;
				SWIFT_OPTIMIZATION_LEVEL = "-Onone";
			};
			name = Debug;
		};
		620395D522805B7D00734092 /* Release */ = {
			isa = XCBuildConfiguration;
			buildSettings = {
				ALWAYS_SEARCH_USER_PATHS = NO;
				CLANG_ANALYZER_LOCALIZABILITY_NONLOCALIZED = YES;
				CLANG_ANALYZER_NONNULL = YES;
				CLANG_ANALYZER_NUMBER_OBJECT_CONVERSION = YES_AGGRESSIVE;
				CLANG_CXX_LANGUAGE_STANDARD = "gnu++14";
				CLANG_CXX_LIBRARY = "libc++";
				CLANG_ENABLE_MODULES = YES;
				CLANG_ENABLE_OBJC_ARC = YES;
				CLANG_ENABLE_OBJC_WEAK = YES;
				CLANG_WARN_BLOCK_CAPTURE_AUTORELEASING = YES;
				CLANG_WARN_BOOL_CONVERSION = YES;
				CLANG_WARN_COMMA = YES;
				CLANG_WARN_CONSTANT_CONVERSION = YES;
				CLANG_WARN_DEPRECATED_OBJC_IMPLEMENTATIONS = YES;
				CLANG_WARN_DIRECT_OBJC_ISA_USAGE = YES_ERROR;
				CLANG_WARN_DOCUMENTATION_COMMENTS = YES;
				CLANG_WARN_EMPTY_BODY = YES;
				CLANG_WARN_ENUM_CONVERSION = YES;
				CLANG_WARN_INFINITE_RECURSION = YES;
				CLANG_WARN_INT_CONVERSION = YES;
				CLANG_WARN_NON_LITERAL_NULL_CONVERSION = YES;
				CLANG_WARN_OBJC_IMPLICIT_RETAIN_SELF = YES;
				CLANG_WARN_OBJC_LITERAL_CONVERSION = YES;
				CLANG_WARN_OBJC_ROOT_CLASS = YES_ERROR;
				CLANG_WARN_RANGE_LOOP_ANALYSIS = YES;
				CLANG_WARN_STRICT_PROTOTYPES = YES;
				CLANG_WARN_SUSPICIOUS_MOVE = YES;
				CLANG_WARN_UNGUARDED_AVAILABILITY = YES_AGGRESSIVE;
				CLANG_WARN_UNREACHABLE_CODE = YES;
				CLANG_WARN__DUPLICATE_METHOD_MATCH = YES;
				CODE_SIGN_IDENTITY = "iPhone Developer";
				COPY_PHASE_STRIP = NO;
				DEBUG_INFORMATION_FORMAT = "dwarf-with-dsym";
				ENABLE_NS_ASSERTIONS = NO;
				ENABLE_STRICT_OBJC_MSGSEND = YES;
				GCC_C_LANGUAGE_STANDARD = gnu11;
				GCC_NO_COMMON_BLOCKS = YES;
				GCC_WARN_64_TO_32_BIT_CONVERSION = YES;
				GCC_WARN_ABOUT_RETURN_TYPE = YES_ERROR;
				GCC_WARN_UNDECLARED_SELECTOR = YES;
				GCC_WARN_UNINITIALIZED_AUTOS = YES_AGGRESSIVE;
				GCC_WARN_UNUSED_FUNCTION = YES;
				GCC_WARN_UNUSED_VARIABLE = YES;
				IPHONEOS_DEPLOYMENT_TARGET = 12.2;
				MTL_ENABLE_DEBUG_INFO = NO;
				MTL_FAST_MATH = YES;
				SDKROOT = iphoneos;
				SWIFT_COMPILATION_MODE = wholemodule;
				SWIFT_OPTIMIZATION_LEVEL = "-O";
				VALIDATE_PRODUCT = YES;
			};
			name = Release;
		};
		620395D722805B7D00734092 /* Debug */ = {
			isa = XCBuildConfiguration;
			buildSettings = {
				ASSETCATALOG_COMPILER_APPICON_NAME = AppIcon;
				CODE_SIGN_STYLE = Automatic;
				INFOPLIST_FILE = ContactList/Info.plist;
				LD_RUNPATH_SEARCH_PATHS = (
					"$(inherited)",
					"@executable_path/Frameworks",
				);
				PRODUCT_BUNDLE_IDENTIFIER = study.ContactList;
				PRODUCT_NAME = "$(TARGET_NAME)";
				SWIFT_VERSION = 5.0;
				TARGETED_DEVICE_FAMILY = "1,2";
			};
			name = Debug;
		};
		620395D822805B7D00734092 /* Release */ = {
			isa = XCBuildConfiguration;
			buildSettings = {
				ASSETCATALOG_COMPILER_APPICON_NAME = AppIcon;
				CODE_SIGN_STYLE = Automatic;
				INFOPLIST_FILE = ContactList/Info.plist;
				LD_RUNPATH_SEARCH_PATHS = (
					"$(inherited)",
					"@executable_path/Frameworks",
				);
				PRODUCT_BUNDLE_IDENTIFIER = study.ContactList;
				PRODUCT_NAME = "$(TARGET_NAME)";
				SWIFT_VERSION = 5.0;
				TARGETED_DEVICE_FAMILY = "1,2";
			};
			name = Release;
		};
/* End XCBuildConfiguration section */

/* Begin XCConfigurationList section */
		620395BF22805B7C00734092 /* Build configuration list for PBXProject "ContactList" */ = {
			isa = XCConfigurationList;
			buildConfigurations = (
				620395D422805B7D00734092 /* Debug */,
				620395D522805B7D00734092 /* Release */,
			);
			defaultConfigurationIsVisible = 0;
			defaultConfigurationName = Release;
		};
		620395D622805B7D00734092 /* Build configuration list for PBXNativeTarget "ContactList" */ = {
			isa = XCConfigurationList;
			buildConfigurations = (
				620395D722805B7D00734092 /* Debug */,
				620395D822805B7D00734092 /* Release */,
			);
			defaultConfigurationIsVisible = 0;
			defaultConfigurationName = Release;
		};
/* End XCConfigurationList section */
	};
	rootObject = 620395BC22805B7C00734092 /* Project object */;
}
