// !$*UTF8*$!
{
	archiveVersion = 1;
	classes = {
	};
	objectVersion = 50;
	objects = {

/* Begin PBXBuildFile section */
		625D439722685E8B005AD0D5 /* AppDelegate.swift in Sources */ = {isa = PBXBuildFile; fileRef = 625D439622685E8B005AD0D5 /* AppDelegate.swift */; };
		625D439922685E8B005AD0D5 /* ViewController.swift in Sources */ = {isa = PBXBuildFile; fileRef = 625D439822685E8B005AD0D5 /* ViewController.swift */; };
		625D439C22685E8B005AD0D5 /* Main.storyboard in Resources */ = {isa = PBXBuildFile; fileRef = 625D439A22685E8B005AD0D5 /* Main.storyboard */; };
		625D439E22685E8C005AD0D5 /* Assets.xcassets in Resources */ = {isa = PBXBuildFile; fileRef = 625D439D22685E8C005AD0D5 /* Assets.xcassets */; };
		625D43A122685E8C005AD0D5 /* LaunchScreen.storyboard in Resources */ = {isa = PBXBuildFile; fileRef = 625D439F22685E8C005AD0D5 /* LaunchScreen.storyboard */; };
		625D43AC22685E8C005AD0D5 /* LinkedListByEnumTests.swift in Sources */ = {isa = PBXBuildFile; fileRef = 625D43AB22685E8C005AD0D5 /* LinkedListByEnumTests.swift */; };
		625D43B722685E8C005AD0D5 /* LinkedListByEnumUITests.swift in Sources */ = {isa = PBXBuildFile; fileRef = 625D43B622685E8C005AD0D5 /* LinkedListByEnumUITests.swift */; };
/* End PBXBuildFile section */

/* Begin PBXContainerItemProxy section */
		625D43A822685E8C005AD0D5 /* PBXContainerItemProxy */ = {
			isa = PBXContainerItemProxy;
			containerPortal = 625D438B22685E8B005AD0D5 /* Project object */;
			proxyType = 1;
			remoteGlobalIDString = 625D439222685E8B005AD0D5;
			remoteInfo = LinkedListByEnum;
		};
		625D43B322685E8C005AD0D5 /* PBXContainerItemProxy */ = {
			isa = PBXContainerItemProxy;
			containerPortal = 625D438B22685E8B005AD0D5 /* Project object */;
			proxyType = 1;
			remoteGlobalIDString = 625D439222685E8B005AD0D5;
			remoteInfo = LinkedListByEnum;
		};
/* End PBXContainerItemProxy section */

/* Begin PBXFileReference section */
		625D439322685E8B005AD0D5 /* LinkedListByEnum.app */ = {isa = PBXFileReference; explicitFileType = wrapper.application; includeInIndex = 0; path = LinkedListByEnum.app; sourceTree = BUILT_PRODUCTS_DIR; };
		625D439622685E8B005AD0D5 /* AppDelegate.swift */ = {isa = PBXFileReference; lastKnownFileType = sourcecode.swift; path = AppDelegate.swift; sourceTree = "<group>"; };
		625D439822685E8B005AD0D5 /* ViewController.swift */ = {isa = PBXFileReference; lastKnownFileType = sourcecode.swift; path = ViewController.swift; sourceTree = "<group>"; };
		625D439B22685E8B005AD0D5 /* Base */ = {isa = PBXFileReference; lastKnownFileType = file.storyboard; name = Base; path = Base.lproj/Main.storyboard; sourceTree = "<group>"; };
		625D439D22685E8C005AD0D5 /* Assets.xcassets */ = {isa = PBXFileReference; lastKnownFileType = folder.assetcatalog; path = Assets.xcassets; sourceTree = "<group>"; };
		625D43A022685E8C005AD0D5 /* Base */ = {isa = PBXFileReference; lastKnownFileType = file.storyboard; name = Base; path = Base.lproj/LaunchScreen.storyboard; sourceTree = "<group>"; };
		625D43A222685E8C005AD0D5 /* Info.plist */ = {isa = PBXFileReference; lastKnownFileType = text.plist.xml; path = Info.plist; sourceTree = "<group>"; };
		625D43A722685E8C005AD0D5 /* LinkedListByEnumTests.xctest */ = {isa = PBXFileReference; explicitFileType = wrapper.cfbundle; includeInIndex = 0; path = LinkedListByEnumTests.xctest; sourceTree = BUILT_PRODUCTS_DIR; };
		625D43AB22685E8C005AD0D5 /* LinkedListByEnumTests.swift */ = {isa = PBXFileReference; lastKnownFileType = sourcecode.swift; path = LinkedListByEnumTests.swift; sourceTree = "<group>"; };
		625D43AD22685E8C005AD0D5 /* Info.plist */ = {isa = PBXFileReference; lastKnownFileType = text.plist.xml; path = Info.plist; sourceTree = "<group>"; };
		625D43B222685E8C005AD0D5 /* LinkedListByEnumUITests.xctest */ = {isa = PBXFileReference; explicitFileType = wrapper.cfbundle; includeInIndex = 0; path = LinkedListByEnumUITests.xctest; sourceTree = BUILT_PRODUCTS_DIR; };
		625D43B622685E8C005AD0D5 /* LinkedListByEnumUITests.swift */ = {isa = PBXFileReference; lastKnownFileType = sourcecode.swift; path = LinkedListByEnumUITests.swift; sourceTree = "<group>"; };
		625D43B822685E8C005AD0D5 /* Info.plist */ = {isa = PBXFileReference; lastKnownFileType = text.plist.xml; path = Info.plist; sourceTree = "<group>"; };
/* End PBXFileReference section */

/* Begin PBXFrameworksBuildPhase section */
		625D439022685E8B005AD0D5 /* Frameworks */ = {
			isa = PBXFrameworksBuildPhase;
			buildActionMask = 2147483647;
			files = (
			);
			runOnlyForDeploymentPostprocessing = 0;
		};
		625D43A422685E8C005AD0D5 /* Frameworks */ = {
			isa = PBXFrameworksBuildPhase;
			buildActionMask = 2147483647;
			files = (
			);
			runOnlyForDeploymentPostprocessing = 0;
		};
		625D43AF22685E8C005AD0D5 /* Frameworks */ = {
			isa = PBXFrameworksBuildPhase;
			buildActionMask = 2147483647;
			files = (
			);
			runOnlyForDeploymentPostprocessing = 0;
		};
/* End PBXFrameworksBuildPhase section */

/* Begin PBXGroup section */
		625D438A22685E8B005AD0D5 = {
			isa = PBXGroup;
			children = (
				625D439522685E8B005AD0D5 /* LinkedListByEnum */,
				625D43AA22685E8C005AD0D5 /* LinkedListByEnumTests */,
				625D43B522685E8C005AD0D5 /* LinkedListByEnumUITests */,
				625D439422685E8B005AD0D5 /* Products */,
			);
			sourceTree = "<group>";
		};
		625D439422685E8B005AD0D5 /* Products */ = {
			isa = PBXGroup;
			children = (
				625D439322685E8B005AD0D5 /* LinkedListByEnum.app */,
				625D43A722685E8C005AD0D5 /* LinkedListByEnumTests.xctest */,
				625D43B222685E8C005AD0D5 /* LinkedListByEnumUITests.xctest */,
			);
			name = Products;
			sourceTree = "<group>";
		};
		625D439522685E8B005AD0D5 /* LinkedListByEnum */ = {
			isa = PBXGroup;
			children = (
				625D439622685E8B005AD0D5 /* AppDelegate.swift */,
				625D439822685E8B005AD0D5 /* ViewController.swift */,
				625D439A22685E8B005AD0D5 /* Main.storyboard */,
				625D439D22685E8C005AD0D5 /* Assets.xcassets */,
				625D439F22685E8C005AD0D5 /* LaunchScreen.storyboard */,
				625D43A222685E8C005AD0D5 /* Info.plist */,
			);
			path = LinkedListByEnum;
			sourceTree = "<group>";
		};
		625D43AA22685E8C005AD0D5 /* LinkedListByEnumTests */ = {
			isa = PBXGroup;
			children = (
				625D43AB22685E8C005AD0D5 /* LinkedListByEnumTests.swift */,
				625D43AD22685E8C005AD0D5 /* Info.plist */,
			);
			path = LinkedListByEnumTests;
			sourceTree = "<group>";
		};
		625D43B522685E8C005AD0D5 /* LinkedListByEnumUITests */ = {
			isa = PBXGroup;
			children = (
				625D43B622685E8C005AD0D5 /* LinkedListByEnumUITests.swift */,
				625D43B822685E8C005AD0D5 /* Info.plist */,
			);
			path = LinkedListByEnumUITests;
			sourceTree = "<group>";
		};
/* End PBXGroup section */

/* Begin PBXNativeTarget section */
		625D439222685E8B005AD0D5 /* LinkedListByEnum */ = {
			isa = PBXNativeTarget;
			buildConfigurationList = 625D43BB22685E8C005AD0D5 /* Build configuration list for PBXNativeTarget "LinkedListByEnum" */;
			buildPhases = (
				625D438F22685E8B005AD0D5 /* Sources */,
				625D439022685E8B005AD0D5 /* Frameworks */,
				625D439122685E8B005AD0D5 /* Resources */,
			);
			buildRules = (
			);
			dependencies = (
			);
			name = LinkedListByEnum;
			productName = LinkedListByEnum;
			productReference = 625D439322685E8B005AD0D5 /* LinkedListByEnum.app */;
			productType = "com.apple.product-type.application";
		};
		625D43A622685E8C005AD0D5 /* LinkedListByEnumTests */ = {
			isa = PBXNativeTarget;
			buildConfigurationList = 625D43BE22685E8C005AD0D5 /* Build configuration list for PBXNativeTarget "LinkedListByEnumTests" */;
			buildPhases = (
				625D43A322685E8C005AD0D5 /* Sources */,
				625D43A422685E8C005AD0D5 /* Frameworks */,
				625D43A522685E8C005AD0D5 /* Resources */,
			);
			buildRules = (
			);
			dependencies = (
				625D43A922685E8C005AD0D5 /* PBXTargetDependency */,
			);
			name = LinkedListByEnumTests;
			productName = LinkedListByEnumTests;
			productReference = 625D43A722685E8C005AD0D5 /* LinkedListByEnumTests.xctest */;
			productType = "com.apple.product-type.bundle.unit-test";
		};
		625D43B122685E8C005AD0D5 /* LinkedListByEnumUITests */ = {
			isa = PBXNativeTarget;
			buildConfigurationList = 625D43C122685E8C005AD0D5 /* Build configuration list for PBXNativeTarget "LinkedListByEnumUITests" */;
			buildPhases = (
				625D43AE22685E8C005AD0D5 /* Sources */,
				625D43AF22685E8C005AD0D5 /* Frameworks */,
				625D43B022685E8C005AD0D5 /* Resources */,
			);
			buildRules = (
			);
			dependencies = (
				625D43B422685E8C005AD0D5 /* PBXTargetDependency */,
			);
			name = LinkedListByEnumUITests;
			productName = LinkedListByEnumUITests;
			productReference = 625D43B222685E8C005AD0D5 /* LinkedListByEnumUITests.xctest */;
			productType = "com.apple.product-type.bundle.ui-testing";
		};
/* End PBXNativeTarget section */

/* Begin PBXProject section */
		625D438B22685E8B005AD0D5 /* Project object */ = {
			isa = PBXProject;
			attributes = {
				LastSwiftUpdateCheck = 1020;
				LastUpgradeCheck = 1020;
				ORGANIZATIONNAME = "Maksym Humeniuk";
				TargetAttributes = {
					625D439222685E8B005AD0D5 = {
						CreatedOnToolsVersion = 10.2;
					};
					625D43A622685E8C005AD0D5 = {
						CreatedOnToolsVersion = 10.2;
						TestTargetID = 625D439222685E8B005AD0D5;
					};
					625D43B122685E8C005AD0D5 = {
						CreatedOnToolsVersion = 10.2;
						TestTargetID = 625D439222685E8B005AD0D5;
					};
				};
			};
			buildConfigurationList = 625D438E22685E8B005AD0D5 /* Build configuration list for PBXProject "LinkedListByEnum" */;
			compatibilityVersion = "Xcode 9.3";
			developmentRegion = en;
			hasScannedForEncodings = 0;
			knownRegions = (
				en,
				Base,
			);
			mainGroup = 625D438A22685E8B005AD0D5;
			productRefGroup = 625D439422685E8B005AD0D5 /* Products */;
			projectDirPath = "";
			projectRoot = "";
			targets = (
				625D439222685E8B005AD0D5 /* LinkedListByEnum */,
				625D43A622685E8C005AD0D5 /* LinkedListByEnumTests */,
				625D43B122685E8C005AD0D5 /* LinkedListByEnumUITests */,
			);
		};
/* End PBXProject section */

/* Begin PBXResourcesBuildPhase section */
		625D439122685E8B005AD0D5 /* Resources */ = {
			isa = PBXResourcesBuildPhase;
			buildActionMask = 2147483647;
			files = (
				625D43A122685E8C005AD0D5 /* LaunchScreen.storyboard in Resources */,
				625D439E22685E8C005AD0D5 /* Assets.xcassets in Resources */,
				625D439C22685E8B005AD0D5 /* Main.storyboard in Resources */,
			);
			runOnlyForDeploymentPostprocessing = 0;
		};
		625D43A522685E8C005AD0D5 /* Resources */ = {
			isa = PBXResourcesBuildPhase;
			buildActionMask = 2147483647;
			files = (
			);
			runOnlyForDeploymentPostprocessing = 0;
		};
		625D43B022685E8C005AD0D5 /* Resources */ = {
			isa = PBXResourcesBuildPhase;
			buildActionMask = 2147483647;
			files = (
			);
			runOnlyForDeploymentPostprocessing = 0;
		};
/* End PBXResourcesBuildPhase section */

/* Begin PBXSourcesBuildPhase section */
		625D438F22685E8B005AD0D5 /* Sources */ = {
			isa = PBXSourcesBuildPhase;
			buildActionMask = 2147483647;
			files = (
				625D439922685E8B005AD0D5 /* ViewController.swift in Sources */,
				625D439722685E8B005AD0D5 /* AppDelegate.swift in Sources */,
			);
			runOnlyForDeploymentPostprocessing = 0;
		};
		625D43A322685E8C005AD0D5 /* Sources */ = {
			isa = PBXSourcesBuildPhase;
			buildActionMask = 2147483647;
			files = (
				625D43AC22685E8C005AD0D5 /* LinkedListByEnumTests.swift in Sources */,
			);
			runOnlyForDeploymentPostprocessing = 0;
		};
		625D43AE22685E8C005AD0D5 /* Sources */ = {
			isa = PBXSourcesBuildPhase;
			buildActionMask = 2147483647;
			files = (
				625D43B722685E8C005AD0D5 /* LinkedListByEnumUITests.swift in Sources */,
			);
			runOnlyForDeploymentPostprocessing = 0;
		};
/* End PBXSourcesBuildPhase section */

/* Begin PBXTargetDependency section */
		625D43A922685E8C005AD0D5 /* PBXTargetDependency */ = {
			isa = PBXTargetDependency;
			target = 625D439222685E8B005AD0D5 /* LinkedListByEnum */;
			targetProxy = 625D43A822685E8C005AD0D5 /* PBXContainerItemProxy */;
		};
		625D43B422685E8C005AD0D5 /* PBXTargetDependency */ = {
			isa = PBXTargetDependency;
			target = 625D439222685E8B005AD0D5 /* LinkedListByEnum */;
			targetProxy = 625D43B322685E8C005AD0D5 /* PBXContainerItemProxy */;
		};
/* End PBXTargetDependency section */

/* Begin PBXVariantGroup section */
		625D439A22685E8B005AD0D5 /* Main.storyboard */ = {
			isa = PBXVariantGroup;
			children = (
				625D439B22685E8B005AD0D5 /* Base */,
			);
			name = Main.storyboard;
			sourceTree = "<group>";
		};
		625D439F22685E8C005AD0D5 /* LaunchScreen.storyboard */ = {
			isa = PBXVariantGroup;
			children = (
				625D43A022685E8C005AD0D5 /* Base */,
			);
			name = LaunchScreen.storyboard;
			sourceTree = "<group>";
		};
/* End PBXVariantGroup section */

/* Begin XCBuildConfiguration section */
		625D43B922685E8C005AD0D5 /* Debug */ = {
			isa = XCBuildConfiguration;
			buildSettings = {
				ALWAYS_SEARCH_USER_PATHS = NO;
				CLANG_ANALYZER_NONNULL = YES;
				CLANG_ANALYZER_NUMBER_OBJECT_CONVERSION = YES_AGGRESSIVE;
				CLANG_CXX_LANGUAGE_STANDARD = "gnu++14";
				CLANG_CXX_LIBRARY = "libc++";
				CLANG_ENABLE_MODULES = YES;
				CLANG_ENABLE_OBJC_ARC = YES;
				CLANG_ENABLE_OBJC_WEAK = YES;
				CLANG_WARN_BLOCK_CAPTURE_AUTORELEASING = YES;
				CLANG_WARN_BOOL_CONVERSION = YES;
				CLANG_WARN_COMMA = YES;
				CLANG_WARN_CONSTANT_CONVERSION = YES;
				CLANG_WARN_DEPRECATED_OBJC_IMPLEMENTATIONS = YES;
				CLANG_WARN_DIRECT_OBJC_ISA_USAGE = YES_ERROR;
				CLANG_WARN_DOCUMENTATION_COMMENTS = YES;
				CLANG_WARN_EMPTY_BODY = YES;
				CLANG_WARN_ENUM_CONVERSION = YES;
				CLANG_WARN_INFINITE_RECURSION = YES;
				CLANG_WARN_INT_CONVERSION = YES;
				CLANG_WARN_NON_LITERAL_NULL_CONVERSION = YES;
				CLANG_WARN_OBJC_IMPLICIT_RETAIN_SELF = YES;
				CLANG_WARN_OBJC_LITERAL_CONVERSION = YES;
				CLANG_WARN_OBJC_ROOT_CLASS = YES_ERROR;
				CLANG_WARN_RANGE_LOOP_ANALYSIS = YES;
				CLANG_WARN_STRICT_PROTOTYPES = YES;
				CLANG_WARN_SUSPICIOUS_MOVE = YES;
				CLANG_WARN_UNGUARDED_AVAILABILITY = YES_AGGRESSIVE;
				CLANG_WARN_UNREACHABLE_CODE = YES;
				CLANG_WARN__DUPLICATE_METHOD_MATCH = YES;
				CODE_SIGN_IDENTITY = "iPhone Developer";
				COPY_PHASE_STRIP = NO;
				DEBUG_INFORMATION_FORMAT = dwarf;
				ENABLE_STRICT_OBJC_MSGSEND = YES;
				ENABLE_TESTABILITY = YES;
				GCC_C_LANGUAGE_STANDARD = gnu11;
				GCC_DYNAMIC_NO_PIC = NO;
				GCC_NO_COMMON_BLOCKS = YES;
				GCC_OPTIMIZATION_LEVEL = 0;
				GCC_PREPROCESSOR_DEFINITIONS = (
					"DEBUG=1",
					"$(inherited)",
				);
				GCC_WARN_64_TO_32_BIT_CONVERSION = YES;
				GCC_WARN_ABOUT_RETURN_TYPE = YES_ERROR;
				GCC_WARN_UNDECLARED_SELECTOR = YES;
				GCC_WARN_UNINITIALIZED_AUTOS = YES_AGGRESSIVE;
				GCC_WARN_UNUSED_FUNCTION = YES;
				GCC_WARN_UNUSED_VARIABLE = YES;
				IPHONEOS_DEPLOYMENT_TARGET = 12.2;
				MTL_ENABLE_DEBUG_INFO = INCLUDE_SOURCE;
				MTL_FAST_MATH = YES;
				ONLY_ACTIVE_ARCH = YES;
				SDKROOT = iphoneos;
				SWIFT_ACTIVE_COMPILATION_CONDITIONS = DEBUG;
				SWIFT_OPTIMIZATION_LEVEL = "-Onone";
			};
			name = Debug;
		};
		625D43BA22685E8C005AD0D5 /* Release */ = {
			isa = XCBuildConfiguration;
			buildSettings = {
				ALWAYS_SEARCH_USER_PATHS = NO;
				CLANG_ANALYZER_NONNULL = YES;
				CLANG_ANALYZER_NUMBER_OBJECT_CONVERSION = YES_AGGRESSIVE;
				CLANG_CXX_LANGUAGE_STANDARD = "gnu++14";
				CLANG_CXX_LIBRARY = "libc++";
				CLANG_ENABLE_MODULES = YES;
				CLANG_ENABLE_OBJC_ARC = YES;
				CLANG_ENABLE_OBJC_WEAK = YES;
				CLANG_WARN_BLOCK_CAPTURE_AUTORELEASING = YES;
				CLANG_WARN_BOOL_CONVERSION = YES;
				CLANG_WARN_COMMA = YES;
				CLANG_WARN_CONSTANT_CONVERSION = YES;
				CLANG_WARN_DEPRECATED_OBJC_IMPLEMENTATIONS = YES;
				CLANG_WARN_DIRECT_OBJC_ISA_USAGE = YES_ERROR;
				CLANG_WARN_DOCUMENTATION_COMMENTS = YES;
				CLANG_WARN_EMPTY_BODY = YES;
				CLANG_WARN_ENUM_CONVERSION = YES;
				CLANG_WARN_INFINITE_RECURSION = YES;
				CLANG_WARN_INT_CONVERSION = YES;
				CLANG_WARN_NON_LITERAL_NULL_CONVERSION = YES;
				CLANG_WARN_OBJC_IMPLICIT_RETAIN_SELF = YES;
				CLANG_WARN_OBJC_LITERAL_CONVERSION = YES;
				CLANG_WARN_OBJC_ROOT_CLASS = YES_ERROR;
				CLANG_WARN_RANGE_LOOP_ANALYSIS = YES;
				CLANG_WARN_STRICT_PROTOTYPES = YES;
				CLANG_WARN_SUSPICIOUS_MOVE = YES;
				CLANG_WARN_UNGUARDED_AVAILABILITY = YES_AGGRESSIVE;
				CLANG_WARN_UNREACHABLE_CODE = YES;
				CLANG_WARN__DUPLICATE_METHOD_MATCH = YES;
				CODE_SIGN_IDENTITY = "iPhone Developer";
				COPY_PHASE_STRIP = NO;
				DEBUG_INFORMATION_FORMAT = "dwarf-with-dsym";
				ENABLE_NS_ASSERTIONS = NO;
				ENABLE_STRICT_OBJC_MSGSEND = YES;
				GCC_C_LANGUAGE_STANDARD = gnu11;
				GCC_NO_COMMON_BLOCKS = YES;
				GCC_WARN_64_TO_32_BIT_CONVERSION = YES;
				GCC_WARN_ABOUT_RETURN_TYPE = YES_ERROR;
				GCC_WARN_UNDECLARED_SELECTOR = YES;
				GCC_WARN_UNINITIALIZED_AUTOS = YES_AGGRESSIVE;
				GCC_WARN_UNUSED_FUNCTION = YES;
				GCC_WARN_UNUSED_VARIABLE = YES;
				IPHONEOS_DEPLOYMENT_TARGET = 12.2;
				MTL_ENABLE_DEBUG_INFO = NO;
				MTL_FAST_MATH = YES;
				SDKROOT = iphoneos;
				SWIFT_COMPILATION_MODE = wholemodule;
				SWIFT_OPTIMIZATION_LEVEL = "-O";
				VALIDATE_PRODUCT = YES;
			};
			name = Release;
		};
		625D43BC22685E8C005AD0D5 /* Debug */ = {
			isa = XCBuildConfiguration;
			buildSettings = {
				ASSETCATALOG_COMPILER_APPICON_NAME = AppIcon;
				CODE_SIGN_STYLE = Automatic;
				INFOPLIST_FILE = LinkedListByEnum/Info.plist;
				LD_RUNPATH_SEARCH_PATHS = (
					"$(inherited)",
					"@executable_path/Frameworks",
				);
				PRODUCT_BUNDLE_IDENTIFIER = study.LinkedListByEnum;
				PRODUCT_NAME = "$(TARGET_NAME)";
				SWIFT_VERSION = 5.0;
				TARGETED_DEVICE_FAMILY = "1,2";
			};
			name = Debug;
		};
		625D43BD22685E8C005AD0D5 /* Release */ = {
			isa = XCBuildConfiguration;
			buildSettings = {
				ASSETCATALOG_COMPILER_APPICON_NAME = AppIcon;
				CODE_SIGN_STYLE = Automatic;
				INFOPLIST_FILE = LinkedListByEnum/Info.plist;
				LD_RUNPATH_SEARCH_PATHS = (
					"$(inherited)",
					"@executable_path/Frameworks",
				);
				PRODUCT_BUNDLE_IDENTIFIER = study.LinkedListByEnum;
				PRODUCT_NAME = "$(TARGET_NAME)";
				SWIFT_VERSION = 5.0;
				TARGETED_DEVICE_FAMILY = "1,2";
			};
			name = Release;
		};
		625D43BF22685E8C005AD0D5 /* Debug */ = {
			isa = XCBuildConfiguration;
			buildSettings = {
				ALWAYS_EMBED_SWIFT_STANDARD_LIBRARIES = YES;
				BUNDLE_LOADER = "$(TEST_HOST)";
				CODE_SIGN_STYLE = Automatic;
				INFOPLIST_FILE = LinkedListByEnumTests/Info.plist;
				LD_RUNPATH_SEARCH_PATHS = (
					"$(inherited)",
					"@executable_path/Frameworks",
					"@loader_path/Frameworks",
				);
				PRODUCT_BUNDLE_IDENTIFIER = study.LinkedListByEnumTests;
				PRODUCT_NAME = "$(TARGET_NAME)";
				SWIFT_VERSION = 5.0;
				TARGETED_DEVICE_FAMILY = "1,2";
				TEST_HOST = "$(BUILT_PRODUCTS_DIR)/LinkedListByEnum.app/LinkedListByEnum";
			};
			name = Debug;
		};
		625D43C022685E8C005AD0D5 /* Release */ = {
			isa = XCBuildConfiguration;
			buildSettings = {
				ALWAYS_EMBED_SWIFT_STANDARD_LIBRARIES = YES;
				BUNDLE_LOADER = "$(TEST_HOST)";
				CODE_SIGN_STYLE = Automatic;
				INFOPLIST_FILE = LinkedListByEnumTests/Info.plist;
				LD_RUNPATH_SEARCH_PATHS = (
					"$(inherited)",
					"@executable_path/Frameworks",
					"@loader_path/Frameworks",
				);
				PRODUCT_BUNDLE_IDENTIFIER = study.LinkedListByEnumTests;
				PRODUCT_NAME = "$(TARGET_NAME)";
				SWIFT_VERSION = 5.0;
				TARGETED_DEVICE_FAMILY = "1,2";
				TEST_HOST = "$(BUILT_PRODUCTS_DIR)/LinkedListByEnum.app/LinkedListByEnum";
			};
			name = Release;
		};
		625D43C222685E8C005AD0D5 /* Debug */ = {
			isa = XCBuildConfiguration;
			buildSettings = {
				ALWAYS_EMBED_SWIFT_STANDARD_LIBRARIES = YES;
				CODE_SIGN_STYLE = Automatic;
				INFOPLIST_FILE = LinkedListByEnumUITests/Info.plist;
				LD_RUNPATH_SEARCH_PATHS = (
					"$(inherited)",
					"@executable_path/Frameworks",
					"@loader_path/Frameworks",
				);
				PRODUCT_BUNDLE_IDENTIFIER = study.LinkedListByEnumUITests;
				PRODUCT_NAME = "$(TARGET_NAME)";
				SWIFT_VERSION = 5.0;
				TARGETED_DEVICE_FAMILY = "1,2";
				TEST_TARGET_NAME = LinkedListByEnum;
			};
			name = Debug;
		};
		625D43C322685E8C005AD0D5 /* Release */ = {
			isa = XCBuildConfiguration;
			buildSettings = {
				ALWAYS_EMBED_SWIFT_STANDARD_LIBRARIES = YES;
				CODE_SIGN_STYLE = Automatic;
				INFOPLIST_FILE = LinkedListByEnumUITests/Info.plist;
				LD_RUNPATH_SEARCH_PATHS = (
					"$(inherited)",
					"@executable_path/Frameworks",
					"@loader_path/Frameworks",
				);
				PRODUCT_BUNDLE_IDENTIFIER = study.LinkedListByEnumUITests;
				PRODUCT_NAME = "$(TARGET_NAME)";
				SWIFT_VERSION = 5.0;
				TARGETED_DEVICE_FAMILY = "1,2";
				TEST_TARGET_NAME = LinkedListByEnum;
			};
			name = Release;
		};
/* End XCBuildConfiguration section */

/* Begin XCConfigurationList section */
		625D438E22685E8B005AD0D5 /* Build configuration list for PBXProject "LinkedListByEnum" */ = {
			isa = XCConfigurationList;
			buildConfigurations = (
				625D43B922685E8C005AD0D5 /* Debug */,
				625D43BA22685E8C005AD0D5 /* Release */,
			);
			defaultConfigurationIsVisible = 0;
			defaultConfigurationName = Release;
		};
		625D43BB22685E8C005AD0D5 /* Build configuration list for PBXNativeTarget "LinkedListByEnum" */ = {
			isa = XCConfigurationList;
			buildConfigurations = (
				625D43BC22685E8C005AD0D5 /* Debug */,
				625D43BD22685E8C005AD0D5 /* Release */,
			);
			defaultConfigurationIsVisible = 0;
			defaultConfigurationName = Release;
		};
		625D43BE22685E8C005AD0D5 /* Build configuration list for PBXNativeTarget "LinkedListByEnumTests" */ = {
			isa = XCConfigurationList;
			buildConfigurations = (
				625D43BF22685E8C005AD0D5 /* Debug */,
				625D43C022685E8C005AD0D5 /* Release */,
			);
			defaultConfigurationIsVisible = 0;
			defaultConfigurationName = Release;
		};
		625D43C122685E8C005AD0D5 /* Build configuration list for PBXNativeTarget "LinkedListByEnumUITests" */ = {
			isa = XCConfigurationList;
			buildConfigurations = (
				625D43C222685E8C005AD0D5 /* Debug */,
				625D43C322685E8C005AD0D5 /* Release */,
			);
			defaultConfigurationIsVisible = 0;
			defaultConfigurationName = Release;
		};
/* End XCConfigurationList section */
	};
	rootObject = 625D438B22685E8B005AD0D5 /* Project object */;
}
