// !$*UTF8*$!
{
	archiveVersion = 1;
	classes = {
	};
	objectVersion = 50;
	objects = {

/* Begin PBXBuildFile section */
		62378F9A229E8711005A8B98 /* AppDelegate.swift in Sources */ = {isa = PBXBuildFile; fileRef = 62378F99229E8711005A8B98 /* AppDelegate.swift */; };
		62378F9F229E8711005A8B98 /* Main.storyboard in Resources */ = {isa = PBXBuildFile; fileRef = 62378F9D229E8711005A8B98 /* Main.storyboard */; };
		62378FA1229E8712005A8B98 /* Assets.xcassets in Resources */ = {isa = PBXBuildFile; fileRef = 62378FA0229E8712005A8B98 /* Assets.xcassets */; };
		62378FA4229E8712005A8B98 /* LaunchScreen.storyboard in Resources */ = {isa = PBXBuildFile; fileRef = 62378FA2229E8712005A8B98 /* LaunchScreen.storyboard */; };
		62379008229FF472005A8B98 /* SortMethods.swift in Sources */ = {isa = PBXBuildFile; fileRef = 62379007229FF472005A8B98 /* SortMethods.swift */; };
		6237900D229FFD73005A8B98 /* ArrayManager.swift in Sources */ = {isa = PBXBuildFile; fileRef = 6237900C229FFD73005A8B98 /* ArrayManager.swift */; };
		6237901122A1364F005A8B98 /* MainViewController.swift in Sources */ = {isa = PBXBuildFile; fileRef = 6237901022A1364F005A8B98 /* MainViewController.swift */; };
/* End PBXBuildFile section */

/* Begin PBXFileReference section */
		62378F96229E8711005A8B98 /* ArraySortInThreads.app */ = {isa = PBXFileReference; explicitFileType = wrapper.application; includeInIndex = 0; path = ArraySortInThreads.app; sourceTree = BUILT_PRODUCTS_DIR; };
		62378F99229E8711005A8B98 /* AppDelegate.swift */ = {isa = PBXFileReference; lastKnownFileType = sourcecode.swift; path = AppDelegate.swift; sourceTree = "<group>"; };
		62378F9E229E8711005A8B98 /* Base */ = {isa = PBXFileReference; lastKnownFileType = file.storyboard; name = Base; path = Base.lproj/Main.storyboard; sourceTree = "<group>"; };
		62378FA0229E8712005A8B98 /* Assets.xcassets */ = {isa = PBXFileReference; lastKnownFileType = folder.assetcatalog; path = Assets.xcassets; sourceTree = "<group>"; };
		62378FA3229E8712005A8B98 /* Base */ = {isa = PBXFileReference; lastKnownFileType = file.storyboard; name = Base; path = Base.lproj/LaunchScreen.storyboard; sourceTree = "<group>"; };
		62378FA5229E8712005A8B98 /* Info.plist */ = {isa = PBXFileReference; lastKnownFileType = text.plist.xml; path = Info.plist; sourceTree = "<group>"; };
		62379007229FF472005A8B98 /* SortMethods.swift */ = {isa = PBXFileReference; lastKnownFileType = sourcecode.swift; path = SortMethods.swift; sourceTree = "<group>"; };
		6237900C229FFD73005A8B98 /* ArrayManager.swift */ = {isa = PBXFileReference; lastKnownFileType = sourcecode.swift; path = ArrayManager.swift; sourceTree = "<group>"; };
		6237901022A1364F005A8B98 /* MainViewController.swift */ = {isa = PBXFileReference; lastKnownFileType = sourcecode.swift; path = MainViewController.swift; sourceTree = "<group>"; };
/* End PBXFileReference section */

/* Begin PBXFrameworksBuildPhase section */
		62378F93229E8711005A8B98 /* Frameworks */ = {
			isa = PBXFrameworksBuildPhase;
			buildActionMask = 2147483647;
			files = (
			);
			runOnlyForDeploymentPostprocessing = 0;
		};
/* End PBXFrameworksBuildPhase section */

/* Begin PBXGroup section */
		62378F8D229E8711005A8B98 = {
			isa = PBXGroup;
			children = (
				62378F98229E8711005A8B98 /* ArraySortInThreads */,
				62378F97229E8711005A8B98 /* Products */,
			);
			sourceTree = "<group>";
		};
		62378F97229E8711005A8B98 /* Products */ = {
			isa = PBXGroup;
			children = (
				62378F96229E8711005A8B98 /* ArraySortInThreads.app */,
			);
			name = Products;
			sourceTree = "<group>";
		};
		62378F98229E8711005A8B98 /* ArraySortInThreads */ = {
			isa = PBXGroup;
			children = (
				62378F99229E8711005A8B98 /* AppDelegate.swift */,
				6237900B229FFCC2005A8B98 /* AssistantClasses */,
				6237901022A1364F005A8B98 /* MainViewController.swift */,
				62378F9D229E8711005A8B98 /* Main.storyboard */,
				62378FA0229E8712005A8B98 /* Assets.xcassets */,
				62378FA2229E8712005A8B98 /* LaunchScreen.storyboard */,
				62378FA5229E8712005A8B98 /* Info.plist */,
			);
			path = ArraySortInThreads;
			sourceTree = "<group>";
		};
		6237900B229FFCC2005A8B98 /* AssistantClasses */ = {
			isa = PBXGroup;
			children = (
				62379007229FF472005A8B98 /* SortMethods.swift */,
				6237900C229FFD73005A8B98 /* ArrayManager.swift */,
			);
			path = AssistantClasses;
			sourceTree = "<group>";
		};
/* End PBXGroup section */

/* Begin PBXNativeTarget section */
		62378F95229E8711005A8B98 /* ArraySortInThreads */ = {
			isa = PBXNativeTarget;
			buildConfigurationList = 62378FA8229E8712005A8B98 /* Build configuration list for PBXNativeTarget "ArraySortInThreads" */;
			buildPhases = (
				62378F92229E8711005A8B98 /* Sources */,
				62378F93229E8711005A8B98 /* Frameworks */,
				62378F94229E8711005A8B98 /* Resources */,
			);
			buildRules = (
			);
			dependencies = (
			);
			name = ArraySortInThreads;
			productName = ArraySortInThreads;
			productReference = 62378F96229E8711005A8B98 /* ArraySortInThreads.app */;
			productType = "com.apple.product-type.application";
		};
/* End PBXNativeTarget section */

/* Begin PBXProject section */
		62378F8E229E8711005A8B98 /* Project object */ = {
			isa = PBXProject;
			attributes = {
				LastSwiftUpdateCheck = 1020;
				LastUpgradeCheck = 1020;
				ORGANIZATIONNAME = "Maksym Humeniuk";
				TargetAttributes = {
					62378F95229E8711005A8B98 = {
						CreatedOnToolsVersion = 10.2;
					};
				};
			};
			buildConfigurationList = 62378F91229E8711005A8B98 /* Build configuration list for PBXProject "ArraySortInThreads" */;
			compatibilityVersion = "Xcode 9.3";
			developmentRegion = en;
			hasScannedForEncodings = 0;
			knownRegions = (
				en,
				Base,
			);
			mainGroup = 62378F8D229E8711005A8B98;
			productRefGroup = 62378F97229E8711005A8B98 /* Products */;
			projectDirPath = "";
			projectRoot = "";
			targets = (
				62378F95229E8711005A8B98 /* ArraySortInThreads */,
			);
		};
/* End PBXProject section */

/* Begin PBXResourcesBuildPhase section */
		62378F94229E8711005A8B98 /* Resources */ = {
			isa = PBXResourcesBuildPhase;
			buildActionMask = 2147483647;
			files = (
				62378FA4229E8712005A8B98 /* LaunchScreen.storyboard in Resources */,
				62378FA1229E8712005A8B98 /* Assets.xcassets in Resources */,
				62378F9F229E8711005A8B98 /* Main.storyboard in Resources */,
			);
			runOnlyForDeploymentPostprocessing = 0;
		};
/* End PBXResourcesBuildPhase section */

/* Begin PBXSourcesBuildPhase section */
		62378F92229E8711005A8B98 /* Sources */ = {
			isa = PBXSourcesBuildPhase;
			buildActionMask = 2147483647;
			files = (
				6237900D229FFD73005A8B98 /* ArrayManager.swift in Sources */,
				62379008229FF472005A8B98 /* SortMethods.swift in Sources */,
				62378F9A229E8711005A8B98 /* AppDelegate.swift in Sources */,
				6237901122A1364F005A8B98 /* MainViewController.swift in Sources */,
			);
			runOnlyForDeploymentPostprocessing = 0;
		};
/* End PBXSourcesBuildPhase section */

/* Begin PBXVariantGroup section */
		62378F9D229E8711005A8B98 /* Main.storyboard */ = {
			isa = PBXVariantGroup;
			children = (
				62378F9E229E8711005A8B98 /* Base */,
			);
			name = Main.storyboard;
			sourceTree = "<group>";
		};
		62378FA2229E8712005A8B98 /* LaunchScreen.storyboard */ = {
			isa = PBXVariantGroup;
			children = (
				62378FA3229E8712005A8B98 /* Base */,
			);
			name = LaunchScreen.storyboard;
			sourceTree = "<group>";
		};
/* End PBXVariantGroup section */

/* Begin XCBuildConfiguration section */
		62378FA6229E8712005A8B98 /* Debug */ = {
			isa = XCBuildConfiguration;
			buildSettings = {
				ALWAYS_SEARCH_USER_PATHS = NO;
				CLANG_ANALYZER_NONNULL = YES;
				CLANG_ANALYZER_NUMBER_OBJECT_CONVERSION = YES_AGGRESSIVE;
				CLANG_CXX_LANGUAGE_STANDARD = "gnu++14";
				CLANG_CXX_LIBRARY = "libc++";
				CLANG_ENABLE_MODULES = YES;
				CLANG_ENABLE_OBJC_ARC = YES;
				CLANG_ENABLE_OBJC_WEAK = YES;
				CLANG_WARN_BLOCK_CAPTURE_AUTORELEASING = YES;
				CLANG_WARN_BOOL_CONVERSION = YES;
				CLANG_WARN_COMMA = YES;
				CLANG_WARN_CONSTANT_CONVERSION = YES;
				CLANG_WARN_DEPRECATED_OBJC_IMPLEMENTATIONS = YES;
				CLANG_WARN_DIRECT_OBJC_ISA_USAGE = YES_ERROR;
				CLANG_WARN_DOCUMENTATION_COMMENTS = YES;
				CLANG_WARN_EMPTY_BODY = YES;
				CLANG_WARN_ENUM_CONVERSION = YES;
				CLANG_WARN_INFINITE_RECURSION = YES;
				CLANG_WARN_INT_CONVERSION = YES;
				CLANG_WARN_NON_LITERAL_NULL_CONVERSION = YES;
				CLANG_WARN_OBJC_IMPLICIT_RETAIN_SELF = YES;
				CLANG_WARN_OBJC_LITERAL_CONVERSION = YES;
				CLANG_WARN_OBJC_ROOT_CLASS = YES_ERROR;
				CLANG_WARN_RANGE_LOOP_ANALYSIS = YES;
				CLANG_WARN_STRICT_PROTOTYPES = YES;
				CLANG_WARN_SUSPICIOUS_MOVE = YES;
				CLANG_WARN_UNGUARDED_AVAILABILITY = YES_AGGRESSIVE;
				CLANG_WARN_UNREACHABLE_CODE = YES;
				CLANG_WARN__DUPLICATE_METHOD_MATCH = YES;
				CODE_SIGN_IDENTITY = "iPhone Developer";
				COPY_PHASE_STRIP = NO;
				DEBUG_INFORMATION_FORMAT = dwarf;
				ENABLE_STRICT_OBJC_MSGSEND = YES;
				ENABLE_TESTABILITY = YES;
				GCC_C_LANGUAGE_STANDARD = gnu11;
				GCC_DYNAMIC_NO_PIC = NO;
				GCC_NO_COMMON_BLOCKS = YES;
				GCC_OPTIMIZATION_LEVEL = 0;
				GCC_PREPROCESSOR_DEFINITIONS = (
					"DEBUG=1",
					"$(inherited)",
				);
				GCC_WARN_64_TO_32_BIT_CONVERSION = YES;
				GCC_WARN_ABOUT_RETURN_TYPE = YES_ERROR;
				GCC_WARN_UNDECLARED_SELECTOR = YES;
				GCC_WARN_UNINITIALIZED_AUTOS = YES_AGGRESSIVE;
				GCC_WARN_UNUSED_FUNCTION = YES;
				GCC_WARN_UNUSED_VARIABLE = YES;
				IPHONEOS_DEPLOYMENT_TARGET = 12.2;
				MTL_ENABLE_DEBUG_INFO = INCLUDE_SOURCE;
				MTL_FAST_MATH = YES;
				ONLY_ACTIVE_ARCH = YES;
				SDKROOT = iphoneos;
				SWIFT_ACTIVE_COMPILATION_CONDITIONS = DEBUG;
				SWIFT_OPTIMIZATION_LEVEL = "-Onone";
			};
			name = Debug;
		};
		62378FA7229E8712005A8B98 /* Release */ = {
			isa = XCBuildConfiguration;
			buildSettings = {
				ALWAYS_SEARCH_USER_PATHS = NO;
				CLANG_ANALYZER_NONNULL = YES;
				CLANG_ANALYZER_NUMBER_OBJECT_CONVERSION = YES_AGGRESSIVE;
				CLANG_CXX_LANGUAGE_STANDARD = "gnu++14";
				CLANG_CXX_LIBRARY = "libc++";
				CLANG_ENABLE_MODULES = YES;
				CLANG_ENABLE_OBJC_ARC = YES;
				CLANG_ENABLE_OBJC_WEAK = YES;
				CLANG_WARN_BLOCK_CAPTURE_AUTORELEASING = YES;
				CLANG_WARN_BOOL_CONVERSION = YES;
				CLANG_WARN_COMMA = YES;
				CLANG_WARN_CONSTANT_CONVERSION = YES;
				CLANG_WARN_DEPRECATED_OBJC_IMPLEMENTATIONS = YES;
				CLANG_WARN_DIRECT_OBJC_ISA_USAGE = YES_ERROR;
				CLANG_WARN_DOCUMENTATION_COMMENTS = YES;
				CLANG_WARN_EMPTY_BODY = YES;
				CLANG_WARN_ENUM_CONVERSION = YES;
				CLANG_WARN_INFINITE_RECURSION = YES;
				CLANG_WARN_INT_CONVERSION = YES;
				CLANG_WARN_NON_LITERAL_NULL_CONVERSION = YES;
				CLANG_WARN_OBJC_IMPLICIT_RETAIN_SELF = YES;
				CLANG_WARN_OBJC_LITERAL_CONVERSION = YES;
				CLANG_WARN_OBJC_ROOT_CLASS = YES_ERROR;
				CLANG_WARN_RANGE_LOOP_ANALYSIS = YES;
				CLANG_WARN_STRICT_PROTOTYPES = YES;
				CLANG_WARN_SUSPICIOUS_MOVE = YES;
				CLANG_WARN_UNGUARDED_AVAILABILITY = YES_AGGRESSIVE;
				CLANG_WARN_UNREACHABLE_CODE = YES;
				CLANG_WARN__DUPLICATE_METHOD_MATCH = YES;
				CODE_SIGN_IDENTITY = "iPhone Developer";
				COPY_PHASE_STRIP = NO;
				DEBUG_INFORMATION_FORMAT = "dwarf-with-dsym";
				ENABLE_NS_ASSERTIONS = NO;
				ENABLE_STRICT_OBJC_MSGSEND = YES;
				GCC_C_LANGUAGE_STANDARD = gnu11;
				GCC_NO_COMMON_BLOCKS = YES;
				GCC_WARN_64_TO_32_BIT_CONVERSION = YES;
				GCC_WARN_ABOUT_RETURN_TYPE = YES_ERROR;
				GCC_WARN_UNDECLARED_SELECTOR = YES;
				GCC_WARN_UNINITIALIZED_AUTOS = YES_AGGRESSIVE;
				GCC_WARN_UNUSED_FUNCTION = YES;
				GCC_WARN_UNUSED_VARIABLE = YES;
				IPHONEOS_DEPLOYMENT_TARGET = 12.2;
				MTL_ENABLE_DEBUG_INFO = NO;
				MTL_FAST_MATH = YES;
				SDKROOT = iphoneos;
				SWIFT_COMPILATION_MODE = wholemodule;
				SWIFT_OPTIMIZATION_LEVEL = "-O";
				VALIDATE_PRODUCT = YES;
			};
			name = Release;
		};
		62378FA9229E8712005A8B98 /* Debug */ = {
			isa = XCBuildConfiguration;
			buildSettings = {
				ASSETCATALOG_COMPILER_APPICON_NAME = AppIcon;
				CODE_SIGN_STYLE = Automatic;
				INFOPLIST_FILE = ArraySortInThreads/Info.plist;
				LD_RUNPATH_SEARCH_PATHS = (
					"$(inherited)",
					"@executable_path/Frameworks",
				);
				PRODUCT_BUNDLE_IDENTIFIER = study.ArraySortInThreads;
				PRODUCT_NAME = "$(TARGET_NAME)";
				SWIFT_VERSION = 5.0;
				TARGETED_DEVICE_FAMILY = "1,2";
			};
			name = Debug;
		};
		62378FAA229E8712005A8B98 /* Release */ = {
			isa = XCBuildConfiguration;
			buildSettings = {
				ASSETCATALOG_COMPILER_APPICON_NAME = AppIcon;
				CODE_SIGN_STYLE = Automatic;
				INFOPLIST_FILE = ArraySortInThreads/Info.plist;
				LD_RUNPATH_SEARCH_PATHS = (
					"$(inherited)",
					"@executable_path/Frameworks",
				);
				PRODUCT_BUNDLE_IDENTIFIER = study.ArraySortInThreads;
				PRODUCT_NAME = "$(TARGET_NAME)";
				SWIFT_VERSION = 5.0;
				TARGETED_DEVICE_FAMILY = "1,2";
			};
			name = Release;
		};
/* End XCBuildConfiguration section */

/* Begin XCConfigurationList section */
		62378F91229E8711005A8B98 /* Build configuration list for PBXProject "ArraySortInThreads" */ = {
			isa = XCConfigurationList;
			buildConfigurations = (
				62378FA6229E8712005A8B98 /* Debug */,
				62378FA7229E8712005A8B98 /* Release */,
			);
			defaultConfigurationIsVisible = 0;
			defaultConfigurationName = Release;
		};
		62378FA8229E8712005A8B98 /* Build configuration list for PBXNativeTarget "ArraySortInThreads" */ = {
			isa = XCConfigurationList;
			buildConfigurations = (
				62378FA9229E8712005A8B98 /* Debug */,
				62378FAA229E8712005A8B98 /* Release */,
			);
			defaultConfigurationIsVisible = 0;
			defaultConfigurationName = Release;
		};
/* End XCConfigurationList section */
	};
	rootObject = 62378F8E229E8711005A8B98 /* Project object */;
}
